"use strict";

const BASE_URL = "https://deepstation.kr";
const DAY_INFO_URL = `${BASE_URL}/rez/ajax.dayinfo.php`;
const RESERVATION_URL = `${BASE_URL}/rez/step2.php`;
const CACHE_TTL_MS = Math.max(30_000, Number(process.env.DEEPSTATION_CACHE_SECONDS || 120) * 1000);
const cache = new Map();

function providerError(message, code, statusCode = 502) {
  const error = new Error(message);
  error.code = code;
  error.statusCode = statusCode;
  return error;
}

function asNumber(value) {
  const number = Number(value);
  return Number.isFinite(number) ? number : null;
}

function buildHeaders() {
  const headers = {
    Accept: "application/json, text/plain, */*",
    Referer: RESERVATION_URL,
    "User-Agent": "Mozilla/5.0 (compatible; DiveSpot/1.0)",
    "X-Requested-With": "XMLHttpRequest"
  };

  const cookie = String(process.env.DEEPSTATION_COOKIE || "").trim();
  if (cookie) headers.Cookie = cookie;
  return headers;
}

function normalizeSessions(payload) {
  const general = payload?.remain?.gen;
  const buoySlots = Array.isArray(payload?.remain_buoys) ? payload.remain_buoys : [];

  if (!Array.isArray(general)) {
    throw providerError(
      "딥스테이션 예약 응답에서 일반권 정보를 찾지 못했습니다.",
      "DEEPSTATION_BAD_RESPONSE"
    );
  }

  return general.map((session, index) => {
    const matchingBuoys = buoySlots
      .filter(slot => String(slot.stime || "") >= String(session.stime || "") && String(slot.etime || "") <= String(session.etime || ""))
      .sort((a, b) => String(a.stime || "").localeCompare(String(b.stime || "")));

    const fallbackFront = buoySlots[index * 2];
    const fallbackBack = buoySlots[index * 2 + 1];
    const frontSlot = matchingBuoys[0] || fallbackFront;
    const backSlot = matchingBuoys[1] || fallbackBack;

    return {
      part: `${index + 1}부`,
      time: `${session.stime || ""} ~ ${session.etime || ""}`.trim(),
      people: asNumber(session.remain),
      front: asNumber(frontSlot?.remain_buoys),
      back: asNumber(backSlot?.remain_buoys)
    };
  });
}

async function requestAvailability(date) {
  const url = new URL(DAY_INFO_URL);
  url.searchParams.set("date", date);
  url.searchParams.set("rez_id", "undefined");
  url.searchParams.set("rtype", "프리다이빙");

  const controller = new AbortController();
  const timeout = setTimeout(() => controller.abort(), 12_000);

  try {
    const response = await fetch(url, {
      method: "GET",
      redirect: "follow",
      signal: controller.signal,
      headers: buildHeaders()
    });

    const text = await response.text();
    let payload;
    try {
      payload = JSON.parse(text);
    } catch {
      const loginPage = /로그인|login|<html/i.test(text);
      throw providerError(
        loginPage
          ? "딥스테이션 로그인 세션이 필요하거나 만료되었습니다."
          : "딥스테이션 응답 형식을 확인할 수 없습니다.",
        loginPage ? "DEEPSTATION_LOGIN_REQUIRED" : "DEEPSTATION_BAD_RESPONSE",
        loginPage ? 503 : 502
      );
    }

    if (!response.ok || Number(payload?.code) !== 1) {
      throw providerError(
        payload?.message || `딥스테이션 요청에 실패했습니다. (${response.status})`,
        "DEEPSTATION_REQUEST_FAILED",
        response.status >= 400 ? response.status : 502
      );
    }

    return normalizeSessions(payload);
  } catch (error) {
    if (error?.name === "AbortError") {
      throw providerError("딥스테이션 응답 시간이 초과되었습니다.", "DEEPSTATION_TIMEOUT", 504);
    }
    if (error instanceof TypeError && /fetch failed/i.test(error.message || "")) {
      throw providerError("딥스테이션 서버에 연결하지 못했습니다.", "DEEPSTATION_NETWORK_ERROR", 502);
    }
    throw error;
  } finally {
    clearTimeout(timeout);
  }
}

async function getAvailability(date) {
  const cached = cache.get(date);
  if (cached && cached.expiresAt > Date.now()) return cached.sessions;

  const sessions = await requestAvailability(date);
  cache.set(date, {
    expiresAt: Date.now() + CACHE_TTL_MS,
    sessions
  });
  return sessions;
}

module.exports = { getAvailability, normalizeSessions };
